# This file is automatically @generated by Wally.
# It is not intended for manual editing.
registry = "test"

[[package]]
name = "aloroid/gorp"
version = "0.2.0-indev7"
dependencies = [["ecr", "centau/ecr@0.8.0"], ["vide", "centau/vide@0.2.0"]]

[[package]]
name = "aloroid/gorp-ecr"
version = "0.2.0-indev7"
dependencies = [["ecr", "centau/ecr@0.8.0"], ["gorp", "aloroid/gorp@0.2.0-indev7"]]

[[package]]
name = "centau/ecr"
version = "0.8.0"
dependencies = []

[[package]]
name = "centau/vide"
version = "0.2.0"
dependencies = []
